
Microsoft Visual Studio Solution File, Format Version 12.00
# Visual Studio 2012
Project("{FAE04EC0-301F-11D3-BF4B-00C04F79EFBC}") = "stafix24.pl", "stafix24.pl.csproj", "{A3111BF8-CD09-44BB-AEA2-8DC8EE44CE66}"
EndProject
Global
	GlobalSection(SolutionConfigurationPlatforms) = preSolution
		Debug|Any CPU = Debug|Any CPU
		Release|Any CPU = Release|Any CPU
	EndGlobalSection
	GlobalSection(ProjectConfigurationPlatforms) = postSolution
		{A3111BF8-CD09-44BB-AEA2-8DC8EE44CE66}.Debug|Any CPU.ActiveCfg = Debug|Any CPU
		{A3111BF8-CD09-44BB-AEA2-8DC8EE44CE66}.Debug|Any CPU.Build.0 = Debug|Any CPU
		{A3111BF8-CD09-44BB-AEA2-8DC8EE44CE66}.Release|Any CPU.ActiveCfg = Release|Any CPU
		{A3111BF8-CD09-44BB-AEA2-8DC8EE44CE66}.Release|Any CPU.Build.0 = Release|Any CPU
	EndGlobalSection
	GlobalSection(SolutionProperties) = preSolution
		HideSolutionNode = FALSE
	EndGlobalSection
EndGlobal
